
Microsoft Visual Studio Solution File, Format Version 12.00
# Visual Studio Version 16
VisualStudioVersion = 16.0.29306.81
MinimumVisualStudioVersion = 10.0.40219.1
Project("{FAE04EC0-301F-11D3-BF4B-00C04F79EFBC}") = "UserMaitenance", "UserMaitenance.csproj", "{C39BCF6F-37A3-49BB-95B0-29BA3A9B5BD3}"
EndProject
Global
	GlobalSection(SolutionConfigurationPlatforms) = preSolution
		Debug|Any CPU = Debug|Any CPU
		Release|Any CPU = Release|Any CPU
	EndGlobalSection
	GlobalSection(ProjectConfigurationPlatforms) = postSolution
		{C39BCF6F-37A3-49BB-95B0-29BA3A9B5BD3}.Debug|Any CPU.ActiveCfg = Debug|Any CPU
		{C39BCF6F-37A3-49BB-95B0-29BA3A9B5BD3}.Debug|Any CPU.Build.0 = Debug|Any CPU
		{C39BCF6F-37A3-49BB-95B0-29BA3A9B5BD3}.Release|Any CPU.ActiveCfg = Release|Any CPU
		{C39BCF6F-37A3-49BB-95B0-29BA3A9B5BD3}.Release|Any CPU.Build.0 = Release|Any CPU
	EndGlobalSection
	GlobalSection(SolutionProperties) = preSolution
		HideSolutionNode = FALSE
	EndGlobalSection
	GlobalSection(ExtensibilityGlobals) = postSolution
		SolutionGuid = {85782E13-8CD2-48A8-978D-D558CC379581}
	EndGlobalSection
EndGlobal
